
Microsoft Visual Studio Solution File, Format Version 12.00
# Visual Studio Version 17
VisualStudioVersion = 17.0.32014.148
MinimumVisualStudioVersion = 10.0.40219.1
Project("{9A19103F-16F7-4668-BE54-9A1E7A4F7556}") = "BooksRentalSystem.Common", "BooksRentalSystem.Common\BooksRentalSystem.Common.csproj", "{E026E567-0574-4B16-B87B-9D284E62EF25}"
EndProject
Project("{9A19103F-16F7-4668-BE54-9A1E7A4F7556}") = "BooksRentalSystem.Identity", "BooksRentalSystem.Identity\BooksRentalSystem.Identity.csproj", "{274EA9A3-705C-4B90-84A0-DECDF620205A}"
EndProject
Project("{9A19103F-16F7-4668-BE54-9A1E7A4F7556}") = "BooksRentalSystem.Publishers", "BooksRentalSystem.Publishers\BooksRentalSystem.Publishers.csproj", "{EECA4978-17B3-4C90-8C15-603372D0C566}"
EndProject
Project("{9A19103F-16F7-4668-BE54-9A1E7A4F7556}") = "BooksRentalSystem.Notifications", "BooksRentalSystem.Notifications\BooksRentalSystem.Notifications.csproj", "{E3E6DC45-04E8-41A3-9B7C-73B5BEAE7CDD}"
EndProject
Project("{9A19103F-16F7-4668-BE54-9A1E7A4F7556}") = "BooksRentalSystem.Statistics", "BooksRentalSystem.Statistics\BooksRentalSystem.Statistics.csproj", "{3F8E2791-294B-4A3D-9511-F7D3A80A1D27}"
EndProject
Project("{9A19103F-16F7-4668-BE54-9A1E7A4F7556}") = "BooksRentalSystem.Admin", "BooksRentalSystem.Admin\BooksRentalSystem.Admin.csproj", "{4173F188-1222-42F8-8B47-87A347895D2E}"
EndProject
Project("{FAE04EC0-301F-11D3-BF4B-00C04F79EFBC}") = "BooksRentalSystem.Watchdog", "BooksRentalSystem.Watchdog\BooksRentalSystem.Watchdog.csproj", "{0571B1DC-6561-4E17-837B-E60BF41A48F0}"
EndProject
Project("{FAE04EC0-301F-11D3-BF4B-00C04F79EFBC}") = "BooksRentalSystem.Publishers.Projections", "BooksRentalSystem.Publishers.Projections\BooksRentalSystem.Publishers.Projections.csproj", "{D5335FE4-A60F-4AB5-BEE6-6C5F2ECE4E65}"
EndProject
Project("{FAE04EC0-301F-11D3-BF4B-00C04F79EFBC}") = "BooksRentalSystem.Identity.Domain", "BooksRentalSystem.Identity.Domain\BooksRentalSystem.Identity.Domain.csproj", "{C58D8045-99E0-4DB6-84B0-3A82261A376A}"
EndProject
Project("{FAE04EC0-301F-11D3-BF4B-00C04F79EFBC}") = "BooksRentalSystem.Publishers.Domain", "BooksRentalSystem.Publishers.Domain\BooksRentalSystem.Publishers.Domain.csproj", "{0770160A-687D-476D-B536-74A568DB786C}"
EndProject
Project("{2150E333-8FDC-42A3-9474-1A3956D46DE8}") = "eventsourcing", "eventsourcing", "{7B32C418-20E5-49F1-AC19-3C23E5982948}"
EndProject
Project("{FAE04EC0-301F-11D3-BF4B-00C04F79EFBC}") = "BooksRentalSystem.EventSourcing", "BooksRentalSystem.EventSourcing\BooksRentalSystem.EventSourcing.csproj", "{BA7D181F-6766-4C36-AA21-D483F5139EFC}"
EndProject
Project("{FAE04EC0-301F-11D3-BF4B-00C04F79EFBC}") = "Anabasis.InMemory", "Anabasis.InMemory\Anabasis.InMemory.csproj", "{5AC0E28F-8677-43B6-BDB1-D90CCAD17ADA}"
EndProject
Project("{FAE04EC0-301F-11D3-BF4B-00C04F79EFBC}") = "BooksRentalSystem.Publishers.Data", "BooksRentalSystem.Publishers.Data\BooksRentalSystem.Publishers.Data.csproj", "{66E94F5B-A4FF-49EA-96C1-A88CEF363ED4}"
EndProject
Project("{2150E333-8FDC-42A3-9474-1A3956D46DE8}") = "tests", "tests", "{85C223CA-C1F8-436D-AFBE-1525FF1AAC88}"
EndProject
Project("{FAE04EC0-301F-11D3-BF4B-00C04F79EFBC}") = "BooksRentalSystem.Console", "tests\BooksRentalSystem.Console\BooksRentalSystem.Console.csproj", "{45951B42-8BC8-4615-8EFF-95DA7E1D6952}"
EndProject
Project("{FAE04EC0-301F-11D3-BF4B-00C04F79EFBC}") = "BooksRentalSystem.Console.Domain", "tests\BooksRentalSystem.Console.Domain\BooksRentalSystem.Console.Domain.csproj", "{3E98F850-8AD7-4E98-9944-AB52FB991DE0}"
EndProject
Global
	GlobalSection(SolutionConfigurationPlatforms) = preSolution
		Debug|Any CPU = Debug|Any CPU
		Release|Any CPU = Release|Any CPU
	EndGlobalSection
	GlobalSection(ProjectConfigurationPlatforms) = postSolution
		{E026E567-0574-4B16-B87B-9D284E62EF25}.Debug|Any CPU.ActiveCfg = Debug|Any CPU
		{E026E567-0574-4B16-B87B-9D284E62EF25}.Debug|Any CPU.Build.0 = Debug|Any CPU
		{E026E567-0574-4B16-B87B-9D284E62EF25}.Release|Any CPU.ActiveCfg = Release|Any CPU
		{E026E567-0574-4B16-B87B-9D284E62EF25}.Release|Any CPU.Build.0 = Release|Any CPU
		{274EA9A3-705C-4B90-84A0-DECDF620205A}.Debug|Any CPU.ActiveCfg = Debug|Any CPU
		{274EA9A3-705C-4B90-84A0-DECDF620205A}.Debug|Any CPU.Build.0 = Debug|Any CPU
		{274EA9A3-705C-4B90-84A0-DECDF620205A}.Release|Any CPU.ActiveCfg = Release|Any CPU
		{274EA9A3-705C-4B90-84A0-DECDF620205A}.Release|Any CPU.Build.0 = Release|Any CPU
		{EECA4978-17B3-4C90-8C15-603372D0C566}.Debug|Any CPU.ActiveCfg = Debug|Any CPU
		{EECA4978-17B3-4C90-8C15-603372D0C566}.Debug|Any CPU.Build.0 = Debug|Any CPU
		{EECA4978-17B3-4C90-8C15-603372D0C566}.Release|Any CPU.ActiveCfg = Release|Any CPU
		{EECA4978-17B3-4C90-8C15-603372D0C566}.Release|Any CPU.Build.0 = Release|Any CPU
		{E3E6DC45-04E8-41A3-9B7C-73B5BEAE7CDD}.Debug|Any CPU.ActiveCfg = Debug|Any CPU
		{E3E6DC45-04E8-41A3-9B7C-73B5BEAE7CDD}.Debug|Any CPU.Build.0 = Debug|Any CPU
		{E3E6DC45-04E8-41A3-9B7C-73B5BEAE7CDD}.Release|Any CPU.ActiveCfg = Release|Any CPU
		{E3E6DC45-04E8-41A3-9B7C-73B5BEAE7CDD}.Release|Any CPU.Build.0 = Release|Any CPU
		{3F8E2791-294B-4A3D-9511-F7D3A80A1D27}.Debug|Any CPU.ActiveCfg = Debug|Any CPU
		{3F8E2791-294B-4A3D-9511-F7D3A80A1D27}.Debug|Any CPU.Build.0 = Debug|Any CPU
		{3F8E2791-294B-4A3D-9511-F7D3A80A1D27}.Release|Any CPU.ActiveCfg = Release|Any CPU
		{3F8E2791-294B-4A3D-9511-F7D3A80A1D27}.Release|Any CPU.Build.0 = Release|Any CPU
		{4173F188-1222-42F8-8B47-87A347895D2E}.Debug|Any CPU.ActiveCfg = Debug|Any CPU
		{4173F188-1222-42F8-8B47-87A347895D2E}.Debug|Any CPU.Build.0 = Debug|Any CPU
		{4173F188-1222-42F8-8B47-87A347895D2E}.Release|Any CPU.ActiveCfg = Release|Any CPU
		{4173F188-1222-42F8-8B47-87A347895D2E}.Release|Any CPU.Build.0 = Release|Any CPU
		{0571B1DC-6561-4E17-837B-E60BF41A48F0}.Debug|Any CPU.ActiveCfg = Debug|Any CPU
		{0571B1DC-6561-4E17-837B-E60BF41A48F0}.Debug|Any CPU.Build.0 = Debug|Any CPU
		{0571B1DC-6561-4E17-837B-E60BF41A48F0}.Release|Any CPU.ActiveCfg = Release|Any CPU
		{0571B1DC-6561-4E17-837B-E60BF41A48F0}.Release|Any CPU.Build.0 = Release|Any CPU
		{D5335FE4-A60F-4AB5-BEE6-6C5F2ECE4E65}.Debug|Any CPU.ActiveCfg = Debug|Any CPU
		{D5335FE4-A60F-4AB5-BEE6-6C5F2ECE4E65}.Debug|Any CPU.Build.0 = Debug|Any CPU
		{D5335FE4-A60F-4AB5-BEE6-6C5F2ECE4E65}.Release|Any CPU.ActiveCfg = Release|Any CPU
		{D5335FE4-A60F-4AB5-BEE6-6C5F2ECE4E65}.Release|Any CPU.Build.0 = Release|Any CPU
		{C58D8045-99E0-4DB6-84B0-3A82261A376A}.Debug|Any CPU.ActiveCfg = Debug|Any CPU
		{C58D8045-99E0-4DB6-84B0-3A82261A376A}.Debug|Any CPU.Build.0 = Debug|Any CPU
		{C58D8045-99E0-4DB6-84B0-3A82261A376A}.Release|Any CPU.ActiveCfg = Release|Any CPU
		{C58D8045-99E0-4DB6-84B0-3A82261A376A}.Release|Any CPU.Build.0 = Release|Any CPU
		{0770160A-687D-476D-B536-74A568DB786C}.Debug|Any CPU.ActiveCfg = Debug|Any CPU
		{0770160A-687D-476D-B536-74A568DB786C}.Debug|Any CPU.Build.0 = Debug|Any CPU
		{0770160A-687D-476D-B536-74A568DB786C}.Release|Any CPU.ActiveCfg = Release|Any CPU
		{0770160A-687D-476D-B536-74A568DB786C}.Release|Any CPU.Build.0 = Release|Any CPU
		{BA7D181F-6766-4C36-AA21-D483F5139EFC}.Debug|Any CPU.ActiveCfg = Debug|Any CPU
		{BA7D181F-6766-4C36-AA21-D483F5139EFC}.Debug|Any CPU.Build.0 = Debug|Any CPU
		{BA7D181F-6766-4C36-AA21-D483F5139EFC}.Release|Any CPU.ActiveCfg = Release|Any CPU
		{BA7D181F-6766-4C36-AA21-D483F5139EFC}.Release|Any CPU.Build.0 = Release|Any CPU
		{5AC0E28F-8677-43B6-BDB1-D90CCAD17ADA}.Debug|Any CPU.ActiveCfg = Debug|Any CPU
		{5AC0E28F-8677-43B6-BDB1-D90CCAD17ADA}.Debug|Any CPU.Build.0 = Debug|Any CPU
		{5AC0E28F-8677-43B6-BDB1-D90CCAD17ADA}.Release|Any CPU.ActiveCfg = Release|Any CPU
		{5AC0E28F-8677-43B6-BDB1-D90CCAD17ADA}.Release|Any CPU.Build.0 = Release|Any CPU
		{66E94F5B-A4FF-49EA-96C1-A88CEF363ED4}.Debug|Any CPU.ActiveCfg = Debug|Any CPU
		{66E94F5B-A4FF-49EA-96C1-A88CEF363ED4}.Debug|Any CPU.Build.0 = Debug|Any CPU
		{66E94F5B-A4FF-49EA-96C1-A88CEF363ED4}.Release|Any CPU.ActiveCfg = Release|Any CPU
		{66E94F5B-A4FF-49EA-96C1-A88CEF363ED4}.Release|Any CPU.Build.0 = Release|Any CPU
		{45951B42-8BC8-4615-8EFF-95DA7E1D6952}.Debug|Any CPU.ActiveCfg = Debug|Any CPU
		{45951B42-8BC8-4615-8EFF-95DA7E1D6952}.Debug|Any CPU.Build.0 = Debug|Any CPU
		{45951B42-8BC8-4615-8EFF-95DA7E1D6952}.Release|Any CPU.ActiveCfg = Release|Any CPU
		{45951B42-8BC8-4615-8EFF-95DA7E1D6952}.Release|Any CPU.Build.0 = Release|Any CPU
		{3E98F850-8AD7-4E98-9944-AB52FB991DE0}.Debug|Any CPU.ActiveCfg = Debug|Any CPU
		{3E98F850-8AD7-4E98-9944-AB52FB991DE0}.Debug|Any CPU.Build.0 = Debug|Any CPU
		{3E98F850-8AD7-4E98-9944-AB52FB991DE0}.Release|Any CPU.ActiveCfg = Release|Any CPU
		{3E98F850-8AD7-4E98-9944-AB52FB991DE0}.Release|Any CPU.Build.0 = Release|Any CPU
	EndGlobalSection
	GlobalSection(SolutionProperties) = preSolution
		HideSolutionNode = FALSE
	EndGlobalSection
	GlobalSection(ExtensibilityGlobals) = postSolution
		SolutionGuid = {64C532B2-508C-451B-B213-ABC89D35625D}
	EndGlobalSection
	GlobalSection(NestedProjects) = preSolution
		{BA7D181F-6766-4C36-AA21-D483F5139EFC} = {7B32C418-20E5-49F1-AC19-3C23E5982948}
		{5AC0E28F-8677-43B6-BDB1-D90CCAD17ADA} = {7B32C418-20E5-49F1-AC19-3C23E5982948}
		{45951B42-8BC8-4615-8EFF-95DA7E1D6952} = {85C223CA-C1F8-436D-AFBE-1525FF1AAC88}
		{3E98F850-8AD7-4E98-9944-AB52FB991DE0} = {85C223CA-C1F8-436D-AFBE-1525FF1AAC88}
	EndGlobalSection
EndGlobal
